PODS:
  - OCMock (3.1.2)
  - UITextSubClass (0.4.0):
    - UITextSubClass/Core (= 0.4.0)
    - UITextSubClass/UITextFieldWithDatePicker (= 0.4.0)
    - UITextSubClass/UITextFieldWithDecimalPad (= 0.4.0)
    - UITextSubClass/UITextFieldWithNumberPad (= 0.4.0)
    - UITextSubClass/UITextFieldWithPicker (= 0.4.0)
    - UITextSubClass/UITextFieldWithToolbar (= 0.4.0)
    - UITextSubClass/UITextViewWithPlaceholder (= 0.4.0)
    - UITextSubClass/UITextViewWithToolbar (= 0.4.0)
  - UITextSubClass/Core (0.4.0)
  - UITextSubClass/UITextFieldWithDatePicker (0.4.0):
    - UITextSubClass/Core
  - UITextSubClass/UITextFieldWithDecimalPad (0.4.0):
    - UITextSubClass/Core
  - UITextSubClass/UITextFieldWithNumberPad (0.4.0):
    - UITextSubClass/Core
  - UITextSubClass/UITextFieldWithPicker (0.4.0):
    - UITextSubClass/Core
  - UITextSubClass/UITextFieldWithToolbar (0.4.0):
    - UITextSubClass/Core
  - UITextSubClass/UITextViewWithPlaceholder (0.4.0):
    - UITextSubClass/Core
  - UITextSubClass/UITextViewWithToolbar (0.4.0):
    - UITextSubClass/UITextViewWithPlaceholder

DEPENDENCIES:
  - OCMock
  - UITextSubClass (from `./`)

SPEC REPOS:
  trunk:
    - OCMock

EXTERNAL SOURCES:
  UITextSubClass:
    :path: "./"

SPEC CHECKSUMS:
  OCMock: a10ea9f0a6e921651f96f78b6faee95ebc813b92
  UITextSubClass: 54fe12e18bf6c6083d794c71b2071a1c33b6e986

PODFILE CHECKSUM: 00bb5ab45458383f5e2e5063ebc541d66add4f95

COCOAPODS: 1.9.1
