PODS:
  - OCMock (3.1.2)
  - UITextSubClass (1.0.2):
    - UITextSubClass/Core (= 1.0.2)
    - UITextSubClass/UITextFieldWithDatePicker (= 1.0.2)
    - UITextSubClass/UITextFieldWithDecimalPad (= 1.0.2)
    - UITextSubClass/UITextFieldWithNumberPad (= 1.0.2)
    - UITextSubClass/UITextFieldWithPicker (= 1.0.2)
    - UITextSubClass/UITextViewWithPlaceholder (= 1.0.2)
  - UITextSubClass/Core (1.0.2)
  - UITextSubClass/UITextFieldWithDatePicker (1.0.2):
    - UITextSubClass/Core
  - UITextSubClass/UITextFieldWithDecimalPad (1.0.2):
    - UITextSubClass/Core
  - UITextSubClass/UITextFieldWithNumberPad (1.0.2):
    - UITextSubClass/Core
  - UITextSubClass/UITextFieldWithPicker (1.0.2):
    - UITextSubClass/Core
  - UITextSubClass/UITextViewWithPlaceholder (1.0.2):
    - UITextSubClass/Core

DEPENDENCIES:
  - OCMock
  - UITextSubClass (from `./`)

SPEC REPOS:
  trunk:
    - OCMock

EXTERNAL SOURCES:
  UITextSubClass:
    :path: "./"

SPEC CHECKSUMS:
  OCMock: a10ea9f0a6e921651f96f78b6faee95ebc813b92
  UITextSubClass: 1e3564aba85ee603dbd78fbd652fc02ab857e579

PODFILE CHECKSUM: 00bb5ab45458383f5e2e5063ebc541d66add4f95

COCOAPODS: 1.11.3
